
Microsoft Visual Studio Solution File, Format Version 12.00
# Visual Studio Version 17
VisualStudioVersion = 17.0.31903.59
MinimumVisualStudioVersion = 10.0.40219.1
Project("{FAE04EC0-301F-11D3-BF4B-00C04F79EFBC}") = "ParallelExample.API", "ParallelExample.API\ParallelExample.API.csproj", "{88F33393-BA29-44E1-A50D-2E3680F1345C}"
EndProject
Project("{FAE04EC0-301F-11D3-BF4B-00C04F79EFBC}") = "ParallelExample", "ParallelExample\ParallelExample.csproj", "{3C99F37D-D4E3-4CD8-A0C7-DFEE0BCF278A}"
EndProject
Global
	GlobalSection(SolutionConfigurationPlatforms) = preSolution
		Debug|Any CPU = Debug|Any CPU
		Release|Any CPU = Release|Any CPU
	EndGlobalSection
	GlobalSection(SolutionProperties) = preSolution
		HideSolutionNode = FALSE
	EndGlobalSection
	GlobalSection(ProjectConfigurationPlatforms) = postSolution
		{88F33393-BA29-44E1-A50D-2E3680F1345C}.Debug|Any CPU.ActiveCfg = Debug|Any CPU
		{88F33393-BA29-44E1-A50D-2E3680F1345C}.Debug|Any CPU.Build.0 = Debug|Any CPU
		{88F33393-BA29-44E1-A50D-2E3680F1345C}.Release|Any CPU.ActiveCfg = Release|Any CPU
		{88F33393-BA29-44E1-A50D-2E3680F1345C}.Release|Any CPU.Build.0 = Release|Any CPU
		{3C99F37D-D4E3-4CD8-A0C7-DFEE0BCF278A}.Debug|Any CPU.ActiveCfg = Debug|Any CPU
		{3C99F37D-D4E3-4CD8-A0C7-DFEE0BCF278A}.Debug|Any CPU.Build.0 = Debug|Any CPU
		{3C99F37D-D4E3-4CD8-A0C7-DFEE0BCF278A}.Release|Any CPU.ActiveCfg = Release|Any CPU
		{3C99F37D-D4E3-4CD8-A0C7-DFEE0BCF278A}.Release|Any CPU.Build.0 = Release|Any CPU
	EndGlobalSection
EndGlobal
