
Microsoft Visual Studio Solution File, Format Version 12.00
# Visual Studio Version 17
VisualStudioVersion = 17.5.002.0
MinimumVisualStudioVersion = 10.0.40219.1
Project("{9A19103F-16F7-4668-BE54-9A1E7A4F7556}") = "ParallelExample.API", "ParallelExample.API.csproj", "{C3835381-835F-49E2-A015-4982A5BCDE31}"
EndProject
Global
	GlobalSection(SolutionConfigurationPlatforms) = preSolution
		Debug|Any CPU = Debug|Any CPU
		Release|Any CPU = Release|Any CPU
	EndGlobalSection
	GlobalSection(ProjectConfigurationPlatforms) = postSolution
		{C3835381-835F-49E2-A015-4982A5BCDE31}.Debug|Any CPU.ActiveCfg = Debug|Any CPU
		{C3835381-835F-49E2-A015-4982A5BCDE31}.Debug|Any CPU.Build.0 = Debug|Any CPU
		{C3835381-835F-49E2-A015-4982A5BCDE31}.Release|Any CPU.ActiveCfg = Release|Any CPU
		{C3835381-835F-49E2-A015-4982A5BCDE31}.Release|Any CPU.Build.0 = Release|Any CPU
	EndGlobalSection
	GlobalSection(SolutionProperties) = preSolution
		HideSolutionNode = FALSE
	EndGlobalSection
	GlobalSection(ExtensibilityGlobals) = postSolution
		SolutionGuid = {8CCD40BE-E45E-4479-A420-CDA0CECFBF26}
	EndGlobalSection
EndGlobal
